// !$*UTF8*$!
{
	archiveVersion = 1;
	classes = {
	};
	objectVersion = 56;
	objects = {

/* Begin PBXBuildFile section */
		010877632991CE61000A2A83 /* Orange.swift in Sources */ = {isa = PBXBuildFile; fileRef = 010877622991CE61000A2A83 /* Orange.swift */; };
		010877682991E442000A2A83 /* Level-2.sks in Resources */ = {isa = PBXBuildFile; fileRef = 010877672991E442000A2A83 /* Level-2.sks */; };
		01658BB8299B0AA6007ADD53 /* Explosion.sks in Resources */ = {isa = PBXBuildFile; fileRef = 01658BB7299B0AA6007ADD53 /* Explosion.sks */; };
		01658BBA299B0D7B007ADD53 /* Level-3.sks in Resources */ = {isa = PBXBuildFile; fileRef = 01658BB9299B0D7A007ADD53 /* Level-3.sks */; };
		01894C29298B46FF00367641 /* AppDelegate.swift in Sources */ = {isa = PBXBuildFile; fileRef = 01894C28298B46FF00367641 /* AppDelegate.swift */; };
		01894C2B298B46FF00367641 /* Level-1.sks in Resources */ = {isa = PBXBuildFile; fileRef = 01894C2A298B46FF00367641 /* Level-1.sks */; };
		01894C2D298B46FF00367641 /* Actions.sks in Resources */ = {isa = PBXBuildFile; fileRef = 01894C2C298B46FF00367641 /* Actions.sks */; };
		01894C2F298B46FF00367641 /* GameScene.swift in Sources */ = {isa = PBXBuildFile; fileRef = 01894C2E298B46FF00367641 /* GameScene.swift */; };
		01894C31298B46FF00367641 /* GameViewController.swift in Sources */ = {isa = PBXBuildFile; fileRef = 01894C30298B46FF00367641 /* GameViewController.swift */; };
		01894C34298B46FF00367641 /* Main.storyboard in Resources */ = {isa = PBXBuildFile; fileRef = 01894C32298B46FF00367641 /* Main.storyboard */; };
		01894C36298B470700367641 /* Assets.xcassets in Resources */ = {isa = PBXBuildFile; fileRef = 01894C35298B470700367641 /* Assets.xcassets */; };
		01894C39298B470700367641 /* LaunchScreen.storyboard in Resources */ = {isa = PBXBuildFile; fileRef = 01894C37298B470700367641 /* LaunchScreen.storyboard */; };
		01894C40298B4B2B00367641 /* Smashing-Things.atlas in Resources */ = {isa = PBXBuildFile; fileRef = 01894C3F298B4B2B00367641 /* Smashing-Things.atlas */; };
/* End PBXBuildFile section */

/* Begin PBXFileReference section */
		010877622991CE61000A2A83 /* Orange.swift */ = {isa = PBXFileReference; lastKnownFileType = sourcecode.swift; path = Orange.swift; sourceTree = "<group>"; };
		010877672991E442000A2A83 /* Level-2.sks */ = {isa = PBXFileReference; lastKnownFileType = file.sks; path = "Level-2.sks"; sourceTree = "<group>"; };
		01658BB7299B0AA6007ADD53 /* Explosion.sks */ = {isa = PBXFileReference; lastKnownFileType = file.sks; path = Explosion.sks; sourceTree = "<group>"; };
		01658BB9299B0D7A007ADD53 /* Level-3.sks */ = {isa = PBXFileReference; lastKnownFileType = file.sks; path = "Level-3.sks"; sourceTree = "<group>"; };
		01894C25298B46FF00367641 /* Orange-Tree-Colution.app */ = {isa = PBXFileReference; explicitFileType = wrapper.application; includeInIndex = 0; path = "Orange-Tree-Colution.app"; sourceTree = BUILT_PRODUCTS_DIR; };
		01894C28298B46FF00367641 /* AppDelegate.swift */ = {isa = PBXFileReference; lastKnownFileType = sourcecode.swift; path = AppDelegate.swift; sourceTree = "<group>"; };
		01894C2A298B46FF00367641 /* Level-1.sks */ = {isa = PBXFileReference; lastKnownFileType = file.sks; path = "Level-1.sks"; sourceTree = "<group>"; };
		01894C2C298B46FF00367641 /* Actions.sks */ = {isa = PBXFileReference; lastKnownFileType = file.sks; path = Actions.sks; sourceTree = "<group>"; };
		01894C2E298B46FF00367641 /* GameScene.swift */ = {isa = PBXFileReference; lastKnownFileType = sourcecode.swift; path = GameScene.swift; sourceTree = "<group>"; };
		01894C30298B46FF00367641 /* GameViewController.swift */ = {isa = PBXFileReference; lastKnownFileType = sourcecode.swift; path = GameViewController.swift; sourceTree = "<group>"; };
		01894C33298B46FF00367641 /* Base */ = {isa = PBXFileReference; lastKnownFileType = file.storyboard; name = Base; path = Base.lproj/Main.storyboard; sourceTree = "<group>"; };
		01894C35298B470700367641 /* Assets.xcassets */ = {isa = PBXFileReference; lastKnownFileType = folder.assetcatalog; path = Assets.xcassets; sourceTree = "<group>"; };
		01894C38298B470700367641 /* Base */ = {isa = PBXFileReference; lastKnownFileType = file.storyboard; name = Base; path = Base.lproj/LaunchScreen.storyboard; sourceTree = "<group>"; };
		01894C3F298B4B2B00367641 /* Smashing-Things.atlas */ = {isa = PBXFileReference; lastKnownFileType = folder.skatlas; path = "Smashing-Things.atlas"; sourceTree = "<group>"; };
/* End PBXFileReference section */

/* Begin PBXFrameworksBuildPhase section */
		01894C22298B46FF00367641 /* Frameworks */ = {
			isa = PBXFrameworksBuildPhase;
			buildActionMask = 2147483647;
			files = (
			);
			runOnlyForDeploymentPostprocessing = 0;
		};
/* End PBXFrameworksBuildPhase section */

/* Begin PBXGroup section */
		01894C1C298B46FF00367641 = {
			isa = PBXGroup;
			children = (
				01894C27298B46FF00367641 /* Orange-Tree-Colution */,
				01894C26298B46FF00367641 /* Products */,
			);
			sourceTree = "<group>";
		};
		01894C26298B46FF00367641 /* Products */ = {
			isa = PBXGroup;
			children = (
				01894C25298B46FF00367641 /* Orange-Tree-Colution.app */,
			);
			name = Products;
			sourceTree = "<group>";
		};
		01894C27298B46FF00367641 /* Orange-Tree-Colution */ = {
			isa = PBXGroup;
			children = (
				01894C28298B46FF00367641 /* AppDelegate.swift */,
				01894C2A298B46FF00367641 /* Level-1.sks */,
				010877672991E442000A2A83 /* Level-2.sks */,
				01658BB9299B0D7A007ADD53 /* Level-3.sks */,
				01658BB7299B0AA6007ADD53 /* Explosion.sks */,
				01894C2C298B46FF00367641 /* Actions.sks */,
				01894C2E298B46FF00367641 /* GameScene.swift */,
				010877622991CE61000A2A83 /* Orange.swift */,
				01894C30298B46FF00367641 /* GameViewController.swift */,
				01894C32298B46FF00367641 /* Main.storyboard */,
				01894C35298B470700367641 /* Assets.xcassets */,
				01894C37298B470700367641 /* LaunchScreen.storyboard */,
				01894C3F298B4B2B00367641 /* Smashing-Things.atlas */,
			);
			path = "Orange-Tree-Colution";
			sourceTree = "<group>";
		};
/* End PBXGroup section */

/* Begin PBXNativeTarget section */
		01894C24298B46FF00367641 /* Orange-Tree-Colution */ = {
			isa = PBXNativeTarget;
			buildConfigurationList = 01894C3C298B470700367641 /* Build configuration list for PBXNativeTarget "Orange-Tree-Colution" */;
			buildPhases = (
				01894C21298B46FF00367641 /* Sources */,
				01894C22298B46FF00367641 /* Frameworks */,
				01894C23298B46FF00367641 /* Resources */,
			);
			buildRules = (
			);
			dependencies = (
			);
			name = "Orange-Tree-Colution";
			productName = "Orange-Tree-Colution";
			productReference = 01894C25298B46FF00367641 /* Orange-Tree-Colution.app */;
			productType = "com.apple.product-type.application";
		};
/* End PBXNativeTarget section */

/* Begin PBXProject section */
		01894C1D298B46FF00367641 /* Project object */ = {
			isa = PBXProject;
			attributes = {
				BuildIndependentTargetsInParallel = 1;
				LastSwiftUpdateCheck = 1420;
				LastUpgradeCheck = 1420;
				TargetAttributes = {
					01894C24298B46FF00367641 = {
						CreatedOnToolsVersion = 14.2;
					};
				};
			};
			buildConfigurationList = 01894C20298B46FF00367641 /* Build configuration list for PBXProject "Orange-Tree-Colution" */;
			compatibilityVersion = "Xcode 14.0";
			developmentRegion = en;
			hasScannedForEncodings = 0;
			knownRegions = (
				en,
				Base,
			);
			mainGroup = 01894C1C298B46FF00367641;
			productRefGroup = 01894C26298B46FF00367641 /* Products */;
			projectDirPath = "";
			projectRoot = "";
			targets = (
				01894C24298B46FF00367641 /* Orange-Tree-Colution */,
			);
		};
/* End PBXProject section */

/* Begin PBXResourcesBuildPhase section */
		01894C23298B46FF00367641 /* Resources */ = {
			isa = PBXResourcesBuildPhase;
			buildActionMask = 2147483647;
			files = (
				01894C40298B4B2B00367641 /* Smashing-Things.atlas in Resources */,
				010877682991E442000A2A83 /* Level-2.sks in Resources */,
				01894C34298B46FF00367641 /* Main.storyboard in Resources */,
				01894C2B298B46FF00367641 /* Level-1.sks in Resources */,
				01894C36298B470700367641 /* Assets.xcassets in Resources */,
				01658BB8299B0AA6007ADD53 /* Explosion.sks in Resources */,
				01658BBA299B0D7B007ADD53 /* Level-3.sks in Resources */,
				01894C39298B470700367641 /* LaunchScreen.storyboard in Resources */,
				01894C2D298B46FF00367641 /* Actions.sks in Resources */,
			);
			runOnlyForDeploymentPostprocessing = 0;
		};
/* End PBXResourcesBuildPhase section */

/* Begin PBXSourcesBuildPhase section */
		01894C21298B46FF00367641 /* Sources */ = {
			isa = PBXSourcesBuildPhase;
			buildActionMask = 2147483647;
			files = (
				01894C2F298B46FF00367641 /* GameScene.swift in Sources */,
				01894C31298B46FF00367641 /* GameViewController.swift in Sources */,
				01894C29298B46FF00367641 /* AppDelegate.swift in Sources */,
				010877632991CE61000A2A83 /* Orange.swift in Sources */,
			);
			runOnlyForDeploymentPostprocessing = 0;
		};
/* End PBXSourcesBuildPhase section */

/* Begin PBXVariantGroup section */
		01894C32298B46FF00367641 /* Main.storyboard */ = {
			isa = PBXVariantGroup;
			children = (
				01894C33298B46FF00367641 /* Base */,
			);
			name = Main.storyboard;
			sourceTree = "<group>";
		};
		01894C37298B470700367641 /* LaunchScreen.storyboard */ = {
			isa = PBXVariantGroup;
			children = (
				01894C38298B470700367641 /* Base */,
			);
			name = LaunchScreen.storyboard;
			sourceTree = "<group>";
		};
/* End PBXVariantGroup section */

/* Begin XCBuildConfiguration section */
		01894C3A298B470700367641 /* Debug */ = {
			isa = XCBuildConfiguration;
			buildSettings = {
				ALWAYS_SEARCH_USER_PATHS = NO;
				CLANG_ANALYZER_NONNULL = YES;
				CLANG_ANALYZER_NUMBER_OBJECT_CONVERSION = YES_AGGRESSIVE;
				CLANG_CXX_LANGUAGE_STANDARD = "gnu++20";
				CLANG_ENABLE_MODULES = YES;
				CLANG_ENABLE_OBJC_ARC = YES;
				CLANG_ENABLE_OBJC_WEAK = YES;
				CLANG_WARN_BLOCK_CAPTURE_AUTORELEASING = YES;
				CLANG_WARN_BOOL_CONVERSION = YES;
				CLANG_WARN_COMMA = YES;
				CLANG_WARN_CONSTANT_CONVERSION = YES;
				CLANG_WARN_DEPRECATED_OBJC_IMPLEMENTATIONS = YES;
				CLANG_WARN_DIRECT_OBJC_ISA_USAGE = YES_ERROR;
				CLANG_WARN_DOCUMENTATION_COMMENTS = YES;
				CLANG_WARN_EMPTY_BODY = YES;
				CLANG_WARN_ENUM_CONVERSION = YES;
				CLANG_WARN_INFINITE_RECURSION = YES;
				CLANG_WARN_INT_CONVERSION = YES;
				CLANG_WARN_NON_LITERAL_NULL_CONVERSION = YES;
				CLANG_WARN_OBJC_IMPLICIT_RETAIN_SELF = YES;
				CLANG_WARN_OBJC_LITERAL_CONVERSION = YES;
				CLANG_WARN_OBJC_ROOT_CLASS = YES_ERROR;
				CLANG_WARN_QUOTED_INCLUDE_IN_FRAMEWORK_HEADER = YES;
				CLANG_WARN_RANGE_LOOP_ANALYSIS = YES;
				CLANG_WARN_STRICT_PROTOTYPES = YES;
				CLANG_WARN_SUSPICIOUS_MOVE = YES;
				CLANG_WARN_UNGUARDED_AVAILABILITY = YES_AGGRESSIVE;
				CLANG_WARN_UNREACHABLE_CODE = YES;
				CLANG_WARN__DUPLICATE_METHOD_MATCH = YES;
				COPY_PHASE_STRIP = NO;
				DEBUG_INFORMATION_FORMAT = dwarf;
				ENABLE_STRICT_OBJC_MSGSEND = YES;
				ENABLE_TESTABILITY = YES;
				GCC_C_LANGUAGE_STANDARD = gnu11;
				GCC_DYNAMIC_NO_PIC = NO;
				GCC_NO_COMMON_BLOCKS = YES;
				GCC_OPTIMIZATION_LEVEL = 0;
				GCC_PREPROCESSOR_DEFINITIONS = (
					"DEBUG=1",
					"$(inherited)",
				);
				GCC_WARN_64_TO_32_BIT_CONVERSION = YES;
				GCC_WARN_ABOUT_RETURN_TYPE = YES_ERROR;
				GCC_WARN_UNDECLARED_SELECTOR = YES;
				GCC_WARN_UNINITIALIZED_AUTOS = YES_AGGRESSIVE;
				GCC_WARN_UNUSED_FUNCTION = YES;
				GCC_WARN_UNUSED_VARIABLE = YES;
				IPHONEOS_DEPLOYMENT_TARGET = 16.2;
				MTL_ENABLE_DEBUG_INFO = INCLUDE_SOURCE;
				MTL_FAST_MATH = YES;
				ONLY_ACTIVE_ARCH = YES;
				SDKROOT = iphoneos;
				SWIFT_ACTIVE_COMPILATION_CONDITIONS = DEBUG;
				SWIFT_OPTIMIZATION_LEVEL = "-Onone";
			};
			name = Debug;
		};
		01894C3B298B470700367641 /* Release */ = {
			isa = XCBuildConfiguration;
			buildSettings = {
				ALWAYS_SEARCH_USER_PATHS = NO;
				CLANG_ANALYZER_NONNULL = YES;
				CLANG_ANALYZER_NUMBER_OBJECT_CONVERSION = YES_AGGRESSIVE;
				CLANG_CXX_LANGUAGE_STANDARD = "gnu++20";
				CLANG_ENABLE_MODULES = YES;
				CLANG_ENABLE_OBJC_ARC = YES;
				CLANG_ENABLE_OBJC_WEAK = YES;
				CLANG_WARN_BLOCK_CAPTURE_AUTORELEASING = YES;
				CLANG_WARN_BOOL_CONVERSION = YES;
				CLANG_WARN_COMMA = YES;
				CLANG_WARN_CONSTANT_CONVERSION = YES;
				CLANG_WARN_DEPRECATED_OBJC_IMPLEMENTATIONS = YES;
				CLANG_WARN_DIRECT_OBJC_ISA_USAGE = YES_ERROR;
				CLANG_WARN_DOCUMENTATION_COMMENTS = YES;
				CLANG_WARN_EMPTY_BODY = YES;
				CLANG_WARN_ENUM_CONVERSION = YES;
				CLANG_WARN_INFINITE_RECURSION = YES;
				CLANG_WARN_INT_CONVERSION = YES;
				CLANG_WARN_NON_LITERAL_NULL_CONVERSION = YES;
				CLANG_WARN_OBJC_IMPLICIT_RETAIN_SELF = YES;
				CLANG_WARN_OBJC_LITERAL_CONVERSION = YES;
				CLANG_WARN_OBJC_ROOT_CLASS = YES_ERROR;
				CLANG_WARN_QUOTED_INCLUDE_IN_FRAMEWORK_HEADER = YES;
				CLANG_WARN_RANGE_LOOP_ANALYSIS = YES;
				CLANG_WARN_STRICT_PROTOTYPES = YES;
				CLANG_WARN_SUSPICIOUS_MOVE = YES;
				CLANG_WARN_UNGUARDED_AVAILABILITY = YES_AGGRESSIVE;
				CLANG_WARN_UNREACHABLE_CODE = YES;
				CLANG_WARN__DUPLICATE_METHOD_MATCH = YES;
				COPY_PHASE_STRIP = NO;
				DEBUG_INFORMATION_FORMAT = "dwarf-with-dsym";
				ENABLE_NS_ASSERTIONS = NO;
				ENABLE_STRICT_OBJC_MSGSEND = YES;
				GCC_C_LANGUAGE_STANDARD = gnu11;
				GCC_NO_COMMON_BLOCKS = YES;
				GCC_WARN_64_TO_32_BIT_CONVERSION = YES;
				GCC_WARN_ABOUT_RETURN_TYPE = YES_ERROR;
				GCC_WARN_UNDECLARED_SELECTOR = YES;
				GCC_WARN_UNINITIALIZED_AUTOS = YES_AGGRESSIVE;
				GCC_WARN_UNUSED_FUNCTION = YES;
				GCC_WARN_UNUSED_VARIABLE = YES;
				IPHONEOS_DEPLOYMENT_TARGET = 16.2;
				MTL_ENABLE_DEBUG_INFO = NO;
				MTL_FAST_MATH = YES;
				SDKROOT = iphoneos;
				SWIFT_COMPILATION_MODE = wholemodule;
				SWIFT_OPTIMIZATION_LEVEL = "-O";
				VALIDATE_PRODUCT = YES;
			};
			name = Release;
		};
		01894C3D298B470700367641 /* Debug */ = {
			isa = XCBuildConfiguration;
			buildSettings = {
				ASSETCATALOG_COMPILER_APPICON_NAME = AppIcon;
				ASSETCATALOG_COMPILER_GLOBAL_ACCENT_COLOR_NAME = AccentColor;
				CODE_SIGN_STYLE = Automatic;
				CURRENT_PROJECT_VERSION = 1;
				DEVELOPMENT_TEAM = 4T9DJUF4Y9;
				GENERATE_INFOPLIST_FILE = YES;
				INFOPLIST_KEY_UIApplicationSupportsIndirectInputEvents = YES;
				INFOPLIST_KEY_UILaunchStoryboardName = LaunchScreen;
				INFOPLIST_KEY_UIMainStoryboardFile = Main;
				INFOPLIST_KEY_UIStatusBarHidden = YES;
				INFOPLIST_KEY_UISupportedInterfaceOrientations = "UIInterfaceOrientationLandscapeLeft UIInterfaceOrientationLandscapeRight";
				LD_RUNPATH_SEARCH_PATHS = (
					"$(inherited)",
					"@executable_path/Frameworks",
				);
				MARKETING_VERSION = 1.0;
				PRODUCT_BUNDLE_IDENTIFIER = "com.super-freq.Orange-Tree-Colution";
				PRODUCT_NAME = "$(TARGET_NAME)";
				SWIFT_EMIT_LOC_STRINGS = YES;
				SWIFT_VERSION = 5.0;
				TARGETED_DEVICE_FAMILY = "1,2";
			};
			name = Debug;
		};
		01894C3E298B470700367641 /* Release */ = {
			isa = XCBuildConfiguration;
			buildSettings = {
				ASSETCATALOG_COMPILER_APPICON_NAME = AppIcon;
				ASSETCATALOG_COMPILER_GLOBAL_ACCENT_COLOR_NAME = AccentColor;
				CODE_SIGN_STYLE = Automatic;
				CURRENT_PROJECT_VERSION = 1;
				DEVELOPMENT_TEAM = 4T9DJUF4Y9;
				GENERATE_INFOPLIST_FILE = YES;
				INFOPLIST_KEY_UIApplicationSupportsIndirectInputEvents = YES;
				INFOPLIST_KEY_UILaunchStoryboardName = LaunchScreen;
				INFOPLIST_KEY_UIMainStoryboardFile = Main;
				INFOPLIST_KEY_UIStatusBarHidden = YES;
				INFOPLIST_KEY_UISupportedInterfaceOrientations = "UIInterfaceOrientationLandscapeLeft UIInterfaceOrientationLandscapeRight";
				LD_RUNPATH_SEARCH_PATHS = (
					"$(inherited)",
					"@executable_path/Frameworks",
				);
				MARKETING_VERSION = 1.0;
				PRODUCT_BUNDLE_IDENTIFIER = "com.super-freq.Orange-Tree-Colution";
				PRODUCT_NAME = "$(TARGET_NAME)";
				SWIFT_EMIT_LOC_STRINGS = YES;
				SWIFT_VERSION = 5.0;
				TARGETED_DEVICE_FAMILY = "1,2";
			};
			name = Release;
		};
/* End XCBuildConfiguration section */

/* Begin XCConfigurationList section */
		01894C20298B46FF00367641 /* Build configuration list for PBXProject "Orange-Tree-Colution" */ = {
			isa = XCConfigurationList;
			buildConfigurations = (
				01894C3A298B470700367641 /* Debug */,
				01894C3B298B470700367641 /* Release */,
			);
			defaultConfigurationIsVisible = 0;
			defaultConfigurationName = Release;
		};
		01894C3C298B470700367641 /* Build configuration list for PBXNativeTarget "Orange-Tree-Colution" */ = {
			isa = XCConfigurationList;
			buildConfigurations = (
				01894C3D298B470700367641 /* Debug */,
				01894C3E298B470700367641 /* Release */,
			);
			defaultConfigurationIsVisible = 0;
			defaultConfigurationName = Release;
		};
/* End XCConfigurationList section */
	};
	rootObject = 01894C1D298B46FF00367641 /* Project object */;
}
